Microsoft Visual Studio Solution File, Format Version 11.00
# Visual Studio 2008

Project("{B92F379D-9447-CEC1-32CD-928D8531D87C}") = "testProj", "Assembly-CSharp-firstpass.csproj", "{0ECD0F53-9A9E-CC37-EC16-33716F546186}"
EndProject
Project("{B92F379D-9447-CEC1-32CD-928D8531D87C}") = "testProj", "Assembly-CSharp.csproj", "{04B8C421-1EFB-B12B-3759-587CDB323F45}"
EndProject
Project("{B92F379D-9447-CEC1-32CD-928D8531D87C}") = "testProj", "Assembly-CSharp-Editor.csproj", "{1A80A010-338F-43CD-08F4-B4595278A1DA}"
EndProject
Project("{B92F379D-9447-CEC1-32CD-928D8531D87C}") = "testProj", "Assembly-UnityScript-firstpass.unityproj", "{A3ECE1E0-FE49-9EAE-743C-D4ED5DBA6899}"
EndProject
Project("{B92F379D-9447-CEC1-32CD-928D8531D87C}") = "testProj", "Assembly-UnityScript-Editor.unityproj", "{7840DD43-A0F8-A885-8D9F-59A49B7B5E74}"
EndProject
Global
	GlobalSection(SolutionConfigurationPlatforms) = preSolution
		Debug|Any CPU = Debug|Any CPU
		Release|Any CPU = Release|Any CPU
	EndGlobalSection
	GlobalSection(ProjectConfigurationPlatforms) = postSolution
		{0ECD0F53-9A9E-CC37-EC16-33716F546186}.Debug|Any CPU.ActiveCfg = Debug|Any CPU
		{0ECD0F53-9A9E-CC37-EC16-33716F546186}.Debug|Any CPU.Build.0 = Debug|Any CPU
		{0ECD0F53-9A9E-CC37-EC16-33716F546186}.Release|Any CPU.ActiveCfg = Release|Any CPU
		{0ECD0F53-9A9E-CC37-EC16-33716F546186}.Release|Any CPU.Build.0 = Release|Any CPU
		{04B8C421-1EFB-B12B-3759-587CDB323F45}.Debug|Any CPU.ActiveCfg = Debug|Any CPU
		{04B8C421-1EFB-B12B-3759-587CDB323F45}.Debug|Any CPU.Build.0 = Debug|Any CPU
		{04B8C421-1EFB-B12B-3759-587CDB323F45}.Release|Any CPU.ActiveCfg = Release|Any CPU
		{04B8C421-1EFB-B12B-3759-587CDB323F45}.Release|Any CPU.Build.0 = Release|Any CPU
		{1A80A010-338F-43CD-08F4-B4595278A1DA}.Debug|Any CPU.ActiveCfg = Debug|Any CPU
		{1A80A010-338F-43CD-08F4-B4595278A1DA}.Debug|Any CPU.Build.0 = Debug|Any CPU
		{1A80A010-338F-43CD-08F4-B4595278A1DA}.Release|Any CPU.ActiveCfg = Release|Any CPU
		{1A80A010-338F-43CD-08F4-B4595278A1DA}.Release|Any CPU.Build.0 = Release|Any CPU
		{A3ECE1E0-FE49-9EAE-743C-D4ED5DBA6899}.Debug|Any CPU.ActiveCfg = Debug|Any CPU
		{A3ECE1E0-FE49-9EAE-743C-D4ED5DBA6899}.Debug|Any CPU.Build.0 = Debug|Any CPU
		{A3ECE1E0-FE49-9EAE-743C-D4ED5DBA6899}.Release|Any CPU.ActiveCfg = Release|Any CPU
		{A3ECE1E0-FE49-9EAE-743C-D4ED5DBA6899}.Release|Any CPU.Build.0 = Release|Any CPU
		{7840DD43-A0F8-A885-8D9F-59A49B7B5E74}.Debug|Any CPU.ActiveCfg = Debug|Any CPU
		{7840DD43-A0F8-A885-8D9F-59A49B7B5E74}.Debug|Any CPU.Build.0 = Debug|Any CPU
		{7840DD43-A0F8-A885-8D9F-59A49B7B5E74}.Release|Any CPU.ActiveCfg = Release|Any CPU
		{7840DD43-A0F8-A885-8D9F-59A49B7B5E74}.Release|Any CPU.Build.0 = Release|Any CPU
	EndGlobalSection
	GlobalSection(SolutionProperties) = preSolution
		HideSolutionNode = FALSE
	EndGlobalSection
																						GlobalSection(MonoDevelopProperties) = preSolution
=======
							GlobalSection(MonoDevelopProperties) = preSolution
>>>>>>> origin/master
		StartupItem = Assembly-CSharp.csproj
		Policies = $0
		$0.TextStylePolicy = $1
		$1.inheritsSet = null
		$1.scope = text/x-csharp
		$0.CSharpFormattingPolicy = $2
		$2.inheritsSet = Mono
		$2.inheritsScope = text/x-csharp
		$2.scope = text/x-csharp
		$0.TextStylePolicy = $3
		$3.FileWidth = 120
		$3.TabWidth = 4
		$3.EolMarker = Unix
		$3.inheritsSet = Mono
		$3.inheritsScope = text/plain
		$3.scope = text/plain
	EndGlobalSection

EndGlobal
